
Microsoft Visual Studio Solution File, Format Version 12.00
# Visual Studio Version 17
VisualStudioVersion = 17.1.32210.238
MinimumVisualStudioVersion = 10.0.40219.1
Project("{FAE04EC0-301F-11D3-BF4B-00C04F79EFBC}") = "WindowsFormsApp11", "WindowsFormsApp11\WindowsFormsApp11.csproj", "{CF692631-E7CD-4730-A0C6-FEDCFF78E20D}"
EndProject
Global
	GlobalSection(SolutionConfigurationPlatforms) = preSolution
		Debug|Any CPU = Debug|Any CPU
		Release|Any CPU = Release|Any CPU
	EndGlobalSection
	GlobalSection(ProjectConfigurationPlatforms) = postSolution
		{CF692631-E7CD-4730-A0C6-FEDCFF78E20D}.Debug|Any CPU.ActiveCfg = Debug|Any CPU
		{CF692631-E7CD-4730-A0C6-FEDCFF78E20D}.Debug|Any CPU.Build.0 = Debug|Any CPU
		{CF692631-E7CD-4730-A0C6-FEDCFF78E20D}.Release|Any CPU.ActiveCfg = Release|Any CPU
		{CF692631-E7CD-4730-A0C6-FEDCFF78E20D}.Release|Any CPU.Build.0 = Release|Any CPU
	EndGlobalSection
	GlobalSection(SolutionProperties) = preSolution
		HideSolutionNode = FALSE
	EndGlobalSection
	GlobalSection(ExtensibilityGlobals) = postSolution
		SolutionGuid = {93971640-838B-42BB-8356-4B243578C88B}
	EndGlobalSection
EndGlobal
